# THIS IS AN AUTOGENERATED FILE. DO NOT EDIT THIS FILE DIRECTLY.
# yarn lockfile v1


leaflet@^1.6.0:
  version "1.6.0"
  resolved "https://registry.yarnpkg.com/leaflet/-/leaflet-1.6.0.tgz#aecbb044b949ec29469eeb31c77a88e2f448f308"
  integrity sha512-CPkhyqWUKZKFJ6K8umN5/D2wrJ2+/8UIpXppY7QDnUZW5bZL5+SEI2J7GBpwh4LIupOKqbNSQXgqmrEJopHVNQ==
